
Microsoft Visual Studio Solution File, Format Version 12.00
# Visual Studio Version 17
VisualStudioVersion = 17.14.36109.1 d17.14
MinimumVisualStudioVersion = 10.0.40219.1
Project("{8BC9CEB8-8B4A-11D0-8D11-00A0C91BC942}") = "Project1", "Project1\Project1.vcxproj", "{72B49363-06F8-4D2B-A927-AD9B1DCF67AC}"
EndProject
Global
	GlobalSection(SolutionConfigurationPlatforms) = preSolution
		Debug|x64 = Debug|x64
		Debug|x86 = Debug|x86
		Release|x64 = Release|x64
		Release|x86 = Release|x86
	EndGlobalSection
	GlobalSection(ProjectConfigurationPlatforms) = postSolution
		{72B49363-06F8-4D2B-A927-AD9B1DCF67AC}.Debug|x64.ActiveCfg = Debug|x64
		{72B49363-06F8-4D2B-A927-AD9B1DCF67AC}.Debug|x64.Build.0 = Debug|x64
		{72B49363-06F8-4D2B-A927-AD9B1DCF67AC}.Debug|x86.ActiveCfg = Debug|Win32
		{72B49363-06F8-4D2B-A927-AD9B1DCF67AC}.Debug|x86.Build.0 = Debug|Win32
		{72B49363-06F8-4D2B-A927-AD9B1DCF67AC}.Release|x64.ActiveCfg = Release|x64
		{72B49363-06F8-4D2B-A927-AD9B1DCF67AC}.Release|x64.Build.0 = Release|x64
		{72B49363-06F8-4D2B-A927-AD9B1DCF67AC}.Release|x86.ActiveCfg = Release|Win32
		{72B49363-06F8-4D2B-A927-AD9B1DCF67AC}.Release|x86.Build.0 = Release|Win32
	EndGlobalSection
	GlobalSection(SolutionProperties) = preSolution
		HideSolutionNode = FALSE
	EndGlobalSection
	GlobalSection(ExtensibilityGlobals) = postSolution
		SolutionGuid = {AFA9C2D3-1206-4AE2-B9E8-A97689415A0D}
	EndGlobalSection
EndGlobal
